
Microsoft Visual Studio Solution File, Format Version 12.00
# Visual Studio Version 17
VisualStudioVersion = 17.5.002.0
MinimumVisualStudioVersion = 10.0.40219.1
Project("{9A19103F-16F7-4668-BE54-9A1E7A4F7556}") = "Final Task", "Final Task.csproj", "{7D89A456-EE67-46FF-B1B7-0A1A810D9CC8}"
EndProject
Global
	GlobalSection(SolutionConfigurationPlatforms) = preSolution
		Debug|Any CPU = Debug|Any CPU
		Release|Any CPU = Release|Any CPU
	EndGlobalSection
	GlobalSection(ProjectConfigurationPlatforms) = postSolution
		{7D89A456-EE67-46FF-B1B7-0A1A810D9CC8}.Debug|Any CPU.ActiveCfg = Debug|Any CPU
		{7D89A456-EE67-46FF-B1B7-0A1A810D9CC8}.Debug|Any CPU.Build.0 = Debug|Any CPU
		{7D89A456-EE67-46FF-B1B7-0A1A810D9CC8}.Release|Any CPU.ActiveCfg = Release|Any CPU
		{7D89A456-EE67-46FF-B1B7-0A1A810D9CC8}.Release|Any CPU.Build.0 = Release|Any CPU
	EndGlobalSection
	GlobalSection(SolutionProperties) = preSolution
		HideSolutionNode = FALSE
	EndGlobalSection
	GlobalSection(ExtensibilityGlobals) = postSolution
		SolutionGuid = {EE42CCDE-E52E-4A82-8568-8FF21B66C051}
	EndGlobalSection
EndGlobal
